
Microsoft Visual Studio Solution File, Format Version 12.00
# Visual Studio Version 17
VisualStudioVersion = 17.0.31903.59
MinimumVisualStudioVersion = 10.0.40219.1
Project("{FAE04EC0-301F-11D3-BF4B-00C04F79EFBC}") = "Core", "src\Core\Core.csproj", "{FF0FB7E9-FD53-412D-8DC5-22984E80FC9C}"
EndProject
Project("{FAE04EC0-301F-11D3-BF4B-00C04F79EFBC}") = "Infra", "src\Infra\Infra.csproj", "{8643A1A4-F56A-4F72-9EE7-BA4E3F22CD24}"
EndProject
Project("{FAE04EC0-301F-11D3-BF4B-00C04F79EFBC}") = "WebAPI", "src\WebAPI\WebAPI.csproj", "{37A9DF01-E155-40BC-80E8-1DE02BD5C544}"
EndProject
Project("{FAE04EC0-301F-11D3-BF4B-00C04F79EFBC}") = "Tests", "tests\Tests\Tests.csproj", "{06A16C31-01A6-4B80-950B-30FED06786EE}"
EndProject
Global
	GlobalSection(SolutionConfigurationPlatforms) = preSolution
		Debug|Any CPU = Debug|Any CPU
		Release|Any CPU = Release|Any CPU
	EndGlobalSection
	GlobalSection(ProjectConfigurationPlatforms) = postSolution
		{FF0FB7E9-FD53-412D-8DC5-22984E80FC9C}.Debug|Any CPU.ActiveCfg = Debug|Any CPU
		{FF0FB7E9-FD53-412D-8DC5-22984E80FC9C}.Debug|Any CPU.Build.0 = Debug|Any CPU
		{FF0FB7E9-FD53-412D-8DC5-22984E80FC9C}.Release|Any CPU.ActiveCfg = Release|Any CPU
		{FF0FB7E9-FD53-412D-8DC5-22984E80FC9C}.Release|Any CPU.Build.0 = Release|Any CPU
		{8643A1A4-F56A-4F72-9EE7-BA4E3F22CD24}.Debug|Any CPU.ActiveCfg = Debug|Any CPU
		{8643A1A4-F56A-4F72-9EE7-BA4E3F22CD24}.Debug|Any CPU.Build.0 = Debug|Any CPU
		{8643A1A4-F56A-4F72-9EE7-BA4E3F22CD24}.Release|Any CPU.ActiveCfg = Release|Any CPU
		{8643A1A4-F56A-4F72-9EE7-BA4E3F22CD24}.Release|Any CPU.Build.0 = Release|Any CPU
		{37A9DF01-E155-40BC-80E8-1DE02BD5C544}.Debug|Any CPU.ActiveCfg = Debug|Any CPU
		{37A9DF01-E155-40BC-80E8-1DE02BD5C544}.Debug|Any CPU.Build.0 = Debug|Any CPU
		{37A9DF01-E155-40BC-80E8-1DE02BD5C544}.Release|Any CPU.ActiveCfg = Release|Any CPU
		{37A9DF01-E155-40BC-80E8-1DE02BD5C544}.Release|Any CPU.Build.0 = Release|Any CPU
		{06A16C31-01A6-4B80-950B-30FED06786EE}.Debug|Any CPU.ActiveCfg = Debug|Any CPU
		{06A16C31-01A6-4B80-950B-30FED06786EE}.Debug|Any CPU.Build.0 = Debug|Any CPU
		{06A16C31-01A6-4B80-950B-30FED06786EE}.Release|Any CPU.ActiveCfg = Release|Any CPU
		{06A16C31-01A6-4B80-950B-30FED06786EE}.Release|Any CPU.Build.0 = Release|Any CPU
	EndGlobalSection
	GlobalSection(SolutionProperties) = preSolution
		HideSolutionNode = FALSE
	EndGlobalSection
	GlobalSection(ExtensibilityGlobals) = postSolution
		SolutionGuid = {DBD82E9D-3F21-4D9F-A586-56103C93D233}
	EndGlobalSection
EndGlobal
